# This file is automatically @generated by Cargo.
# It is not intended for manual editing.
version = 4

[[package]]
name = "pinocchio"
version = "0.9.0"
source = "registry+https://github.com/rust-lang/crates.io-index"
checksum = "5123fe61ac87a327d434d530eaddaaf65069a37e33e5c9f798feaed29e4974c8"

[[package]]
name = "surfpool-follow-by-solandy"
version = "0.1.0"
dependencies = [
 "pinocchio",
]
